
Microsoft Visual Studio Solution File, Format Version 12.00
# Visual Studio 14
VisualStudioVersion = 14.0.24720.0
MinimumVisualStudioVersion = 10.0.40219.1
Project("{FAE04EC0-301F-11D3-BF4B-00C04F79EFBC}") = "mass4x4", "mass4x4\mass4x4.csproj", "{A18ED87D-1B7D-4727-9F64-FE786EEAD965}"
EndProject
Global
	GlobalSection(SolutionConfigurationPlatforms) = preSolution
		Debug|Any CPU = Debug|Any CPU
		Release|Any CPU = Release|Any CPU
	EndGlobalSection
	GlobalSection(ProjectConfigurationPlatforms) = postSolution
		{A18ED87D-1B7D-4727-9F64-FE786EEAD965}.Debug|Any CPU.ActiveCfg = Debug|Any CPU
		{A18ED87D-1B7D-4727-9F64-FE786EEAD965}.Debug|Any CPU.Build.0 = Debug|Any CPU
		{A18ED87D-1B7D-4727-9F64-FE786EEAD965}.Release|Any CPU.ActiveCfg = Release|Any CPU
		{A18ED87D-1B7D-4727-9F64-FE786EEAD965}.Release|Any CPU.Build.0 = Release|Any CPU
	EndGlobalSection
	GlobalSection(SolutionProperties) = preSolution
		HideSolutionNode = FALSE
	EndGlobalSection
EndGlobal
